{
  "name": "rootpage",
  "lockfileVersion": 3,
  "requires": true,
  "packages": {
    "": {
      "dependencies": {
        "react": "19.2.1",
        "react-dom": "19.2.1"
      }
    },
    "node_modules/react": {
      "version": "19.2.1",
      "resolved": "https://registry.npmjs.org/react/-/react-19.2.1.tgz",
      "integrity": "sha512-DGrYcCWK7tvYMnWh79yrPHt+vdx9tY+1gPZa7nJQtO/p8bLTDaHp4dzwEhQB7pZ4Xe3ok4XKuEPrVuc+wlpkmw==",
      "license": "MIT",
      "engines": {
        "node": ">=0.10.0"
      }
    },
    "node_modules/react-dom": {
      "version": "19.2.1",
      "resolved": "https://registry.npmjs.org/react-dom/-/react-dom-19.2.1.tgz",
      "integrity": "sha512-ibrK8llX2a4eOskq1mXKu/TGZj9qzomO+sNfO98M6d9zIPOEhlBkMkBUBLd1vgS0gQsLDBzA+8jJBVXDnfHmJg==",
      "license": "MIT",
      "dependencies": {
        "scheduler": "^0.27.0"
      },
      "peerDependencies": {
        "react": "^19.2.1"
      }
    },
    "node_modules/scheduler": {
      "version": "0.27.0",
      "resolved": "https://registry.npmjs.org/scheduler/-/scheduler-0.27.0.tgz",
      "integrity": "sha512-eNv+WrVbKu1f3vbYJT/xtiF5syA5HPIMtf9IgY/nKg0sWqzAUEvqY/xm7OcZc/qafLx/iO9FgOmeSAp4v5ti/Q==",
      "license": "MIT"
    }
  }
}
